// !$*UTF8*$!
{
	archiveVersion = 1;
	classes = {
	};
	objectVersion = 56;
	objects = {

/* Begin PBXBuildFile section */
		F205B6F72AE4A4B2002C3A96 /* Constants.swift in Sources */ = {isa = PBXBuildFile; fileRef = F205B6F62AE4A4B2002C3A96 /* Constants.swift */; };
		F22990E22AE476B80021A9F5 /* AppDelegate.swift in Sources */ = {isa = PBXBuildFile; fileRef = F22990E12AE476B80021A9F5 /* AppDelegate.swift */; };
		F22990E42AE476B80021A9F5 /* SceneDelegate.swift in Sources */ = {isa = PBXBuildFile; fileRef = F22990E32AE476B80021A9F5 /* SceneDelegate.swift */; };
		F22990E62AE476B80021A9F5 /* ViewController.swift in Sources */ = {isa = PBXBuildFile; fileRef = F22990E52AE476B80021A9F5 /* ViewController.swift */; };
		F22990E92AE476B80021A9F5 /* Main.storyboard in Resources */ = {isa = PBXBuildFile; fileRef = F22990E72AE476B80021A9F5 /* Main.storyboard */; };
		F22990EB2AE476BA0021A9F5 /* Assets.xcassets in Resources */ = {isa = PBXBuildFile; fileRef = F22990EA2AE476BA0021A9F5 /* Assets.xcassets */; };
		F22990EE2AE476BA0021A9F5 /* LaunchScreen.storyboard in Resources */ = {isa = PBXBuildFile; fileRef = F22990EC2AE476BA0021A9F5 /* LaunchScreen.storyboard */; };
		F22990F82AE49F240021A9F5 /* AddStockViewController.swift in Sources */ = {isa = PBXBuildFile; fileRef = F22990F72AE49F240021A9F5 /* AddStockViewController.swift */; };
		F995D5BEA1CC92D4F636F4AE /* Pods_StockApp.framework in Frameworks */ = {isa = PBXBuildFile; fileRef = 65EF5CAF262D15F116495C70 /* Pods_StockApp.framework */; };
/* End PBXBuildFile section */

/* Begin PBXFileReference section */
		4B93056A64D4B65EAD2077FB /* Pods-StockApp.release.xcconfig */ = {isa = PBXFileReference; includeInIndex = 1; lastKnownFileType = text.xcconfig; name = "Pods-StockApp.release.xcconfig"; path = "Target Support Files/Pods-StockApp/Pods-StockApp.release.xcconfig"; sourceTree = "<group>"; };
		65EF5CAF262D15F116495C70 /* Pods_StockApp.framework */ = {isa = PBXFileReference; explicitFileType = wrapper.framework; includeInIndex = 0; path = Pods_StockApp.framework; sourceTree = BUILT_PRODUCTS_DIR; };
		A650CF7638FCF31F06B643DB /* Pods-StockApp.debug.xcconfig */ = {isa = PBXFileReference; includeInIndex = 1; lastKnownFileType = text.xcconfig; name = "Pods-StockApp.debug.xcconfig"; path = "Target Support Files/Pods-StockApp/Pods-StockApp.debug.xcconfig"; sourceTree = "<group>"; };
		F205B6F62AE4A4B2002C3A96 /* Constants.swift */ = {isa = PBXFileReference; lastKnownFileType = sourcecode.swift; path = Constants.swift; sourceTree = "<group>"; };
		F22990DE2AE476B80021A9F5 /* StockApp.app */ = {isa = PBXFileReference; explicitFileType = wrapper.application; includeInIndex = 0; path = StockApp.app; sourceTree = BUILT_PRODUCTS_DIR; };
		F22990E12AE476B80021A9F5 /* AppDelegate.swift */ = {isa = PBXFileReference; lastKnownFileType = sourcecode.swift; path = AppDelegate.swift; sourceTree = "<group>"; };
		F22990E32AE476B80021A9F5 /* SceneDelegate.swift */ = {isa = PBXFileReference; lastKnownFileType = sourcecode.swift; path = SceneDelegate.swift; sourceTree = "<group>"; };
		F22990E52AE476B80021A9F5 /* ViewController.swift */ = {isa = PBXFileReference; lastKnownFileType = sourcecode.swift; path = ViewController.swift; sourceTree = "<group>"; };
		F22990E82AE476B80021A9F5 /* Base */ = {isa = PBXFileReference; lastKnownFileType = file.storyboard; name = Base; path = Base.lproj/Main.storyboard; sourceTree = "<group>"; };
		F22990EA2AE476BA0021A9F5 /* Assets.xcassets */ = {isa = PBXFileReference; lastKnownFileType = folder.assetcatalog; path = Assets.xcassets; sourceTree = "<group>"; };
		F22990ED2AE476BA0021A9F5 /* Base */ = {isa = PBXFileReference; lastKnownFileType = file.storyboard; name = Base; path = Base.lproj/LaunchScreen.storyboard; sourceTree = "<group>"; };
		F22990EF2AE476BA0021A9F5 /* Info.plist */ = {isa = PBXFileReference; lastKnownFileType = text.plist.xml; path = Info.plist; sourceTree = "<group>"; };
		F22990F72AE49F240021A9F5 /* AddStockViewController.swift */ = {isa = PBXFileReference; lastKnownFileType = sourcecode.swift; path = AddStockViewController.swift; sourceTree = "<group>"; };
/* End PBXFileReference section */

/* Begin PBXFrameworksBuildPhase section */
		F22990DB2AE476B80021A9F5 /* Frameworks */ = {
			isa = PBXFrameworksBuildPhase;
			buildActionMask = 2147483647;
			files = (
				F995D5BEA1CC92D4F636F4AE /* Pods_StockApp.framework in Frameworks */,
			);
			runOnlyForDeploymentPostprocessing = 0;
		};
/* End PBXFrameworksBuildPhase section */

/* Begin PBXGroup section */
		D21BA64A7335F21167DFE04F /* Frameworks */ = {
			isa = PBXGroup;
			children = (
				65EF5CAF262D15F116495C70 /* Pods_StockApp.framework */,
			);
			name = Frameworks;
			sourceTree = "<group>";
		};
		F205B6F52AE4A475002C3A96 /* Utils */ = {
			isa = PBXGroup;
			children = (
				F205B6F62AE4A4B2002C3A96 /* Constants.swift */,
			);
			path = Utils;
			sourceTree = "<group>";
		};
		F22990D52AE476B80021A9F5 = {
			isa = PBXGroup;
			children = (
				F22990E02AE476B80021A9F5 /* StockApp */,
				F22990DF2AE476B80021A9F5 /* Products */,
				F3AE23241C99A59D158AEC24 /* Pods */,
				D21BA64A7335F21167DFE04F /* Frameworks */,
			);
			sourceTree = "<group>";
		};
		F22990DF2AE476B80021A9F5 /* Products */ = {
			isa = PBXGroup;
			children = (
				F22990DE2AE476B80021A9F5 /* StockApp.app */,
			);
			name = Products;
			sourceTree = "<group>";
		};
		F22990E02AE476B80021A9F5 /* StockApp */ = {
			isa = PBXGroup;
			children = (
				F205B6F52AE4A475002C3A96 /* Utils */,
				F22990E12AE476B80021A9F5 /* AppDelegate.swift */,
				F22990E32AE476B80021A9F5 /* SceneDelegate.swift */,
				F22990E52AE476B80021A9F5 /* ViewController.swift */,
				F22990E72AE476B80021A9F5 /* Main.storyboard */,
				F22990EA2AE476BA0021A9F5 /* Assets.xcassets */,
				F22990EC2AE476BA0021A9F5 /* LaunchScreen.storyboard */,
				F22990EF2AE476BA0021A9F5 /* Info.plist */,
				F22990F72AE49F240021A9F5 /* AddStockViewController.swift */,
			);
			path = StockApp;
			sourceTree = "<group>";
		};
		F3AE23241C99A59D158AEC24 /* Pods */ = {
			isa = PBXGroup;
			children = (
				A650CF7638FCF31F06B643DB /* Pods-StockApp.debug.xcconfig */,
				4B93056A64D4B65EAD2077FB /* Pods-StockApp.release.xcconfig */,
			);
			path = Pods;
			sourceTree = "<group>";
		};
/* End PBXGroup section */

/* Begin PBXNativeTarget section */
		F22990DD2AE476B80021A9F5 /* StockApp */ = {
			isa = PBXNativeTarget;
			buildConfigurationList = F22990F22AE476BA0021A9F5 /* Build configuration list for PBXNativeTarget "StockApp" */;
			buildPhases = (
				5563AFAE65468E6381592298 /* [CP] Check Pods Manifest.lock */,
				F22990DA2AE476B80021A9F5 /* Sources */,
				F22990DB2AE476B80021A9F5 /* Frameworks */,
				F22990DC2AE476B80021A9F5 /* Resources */,
				0B87CBC62BC62F9BA7CEBA95 /* [CP] Embed Pods Frameworks */,
			);
			buildRules = (
			);
			dependencies = (
			);
			name = StockApp;
			productName = StockApp;
			productReference = F22990DE2AE476B80021A9F5 /* StockApp.app */;
			productType = "com.apple.product-type.application";
		};
/* End PBXNativeTarget section */

/* Begin PBXProject section */
		F22990D62AE476B80021A9F5 /* Project object */ = {
			isa = PBXProject;
			attributes = {
				BuildIndependentTargetsInParallel = 1;
				LastSwiftUpdateCheck = 1430;
				LastUpgradeCheck = 1430;
				TargetAttributes = {
					F22990DD2AE476B80021A9F5 = {
						CreatedOnToolsVersion = 14.3.1;
					};
				};
			};
			buildConfigurationList = F22990D92AE476B80021A9F5 /* Build configuration list for PBXProject "StockApp" */;
			compatibilityVersion = "Xcode 14.0";
			developmentRegion = en;
			hasScannedForEncodings = 0;
			knownRegions = (
				en,
				Base,
			);
			mainGroup = F22990D52AE476B80021A9F5;
			productRefGroup = F22990DF2AE476B80021A9F5 /* Products */;
			projectDirPath = "";
			projectRoot = "";
			targets = (
				F22990DD2AE476B80021A9F5 /* StockApp */,
			);
		};
/* End PBXProject section */

/* Begin PBXResourcesBuildPhase section */
		F22990DC2AE476B80021A9F5 /* Resources */ = {
			isa = PBXResourcesBuildPhase;
			buildActionMask = 2147483647;
			files = (
				F22990EE2AE476BA0021A9F5 /* LaunchScreen.storyboard in Resources */,
				F22990EB2AE476BA0021A9F5 /* Assets.xcassets in Resources */,
				F22990E92AE476B80021A9F5 /* Main.storyboard in Resources */,
			);
			runOnlyForDeploymentPostprocessing = 0;
		};
/* End PBXResourcesBuildPhase section */

/* Begin PBXShellScriptBuildPhase section */
		0B87CBC62BC62F9BA7CEBA95 /* [CP] Embed Pods Frameworks */ = {
			isa = PBXShellScriptBuildPhase;
			buildActionMask = 2147483647;
			files = (
			);
			inputFileListPaths = (
				"${PODS_ROOT}/Target Support Files/Pods-StockApp/Pods-StockApp-frameworks-${CONFIGURATION}-input-files.xcfilelist",
			);
			name = "[CP] Embed Pods Frameworks";
			outputFileListPaths = (
				"${PODS_ROOT}/Target Support Files/Pods-StockApp/Pods-StockApp-frameworks-${CONFIGURATION}-output-files.xcfilelist",
			);
			runOnlyForDeploymentPostprocessing = 0;
			shellPath = /bin/sh;
			shellScript = "\"${PODS_ROOT}/Target Support Files/Pods-StockApp/Pods-StockApp-frameworks.sh\"\n";
			showEnvVarsInLog = 0;
		};
		5563AFAE65468E6381592298 /* [CP] Check Pods Manifest.lock */ = {
			isa = PBXShellScriptBuildPhase;
			buildActionMask = 2147483647;
			files = (
			);
			inputFileListPaths = (
			);
			inputPaths = (
				"${PODS_PODFILE_DIR_PATH}/Podfile.lock",
				"${PODS_ROOT}/Manifest.lock",
			);
			name = "[CP] Check Pods Manifest.lock";
			outputFileListPaths = (
			);
			outputPaths = (
				"$(DERIVED_FILE_DIR)/Pods-StockApp-checkManifestLockResult.txt",
			);
			runOnlyForDeploymentPostprocessing = 0;
			shellPath = /bin/sh;
			shellScript = "diff \"${PODS_PODFILE_DIR_PATH}/Podfile.lock\" \"${PODS_ROOT}/Manifest.lock\" > /dev/null\nif [ $? != 0 ] ; then\n    # print error to STDERR\n    echo \"error: The sandbox is not in sync with the Podfile.lock. Run 'pod install' or update your CocoaPods installation.\" >&2\n    exit 1\nfi\n# This output is used by Xcode 'outputs' to avoid re-running this script phase.\necho \"SUCCESS\" > \"${SCRIPT_OUTPUT_FILE_0}\"\n";
			showEnvVarsInLog = 0;
		};
/* End PBXShellScriptBuildPhase section */

/* Begin PBXSourcesBuildPhase section */
		F22990DA2AE476B80021A9F5 /* Sources */ = {
			isa = PBXSourcesBuildPhase;
			buildActionMask = 2147483647;
			files = (
				F205B6F72AE4A4B2002C3A96 /* Constants.swift in Sources */,
				F22990E62AE476B80021A9F5 /* ViewController.swift in Sources */,
				F22990E22AE476B80021A9F5 /* AppDelegate.swift in Sources */,
				F22990E42AE476B80021A9F5 /* SceneDelegate.swift in Sources */,
				F22990F82AE49F240021A9F5 /* AddStockViewController.swift in Sources */,
			);
			runOnlyForDeploymentPostprocessing = 0;
		};
/* End PBXSourcesBuildPhase section */

/* Begin PBXVariantGroup section */
		F22990E72AE476B80021A9F5 /* Main.storyboard */ = {
			isa = PBXVariantGroup;
			children = (
				F22990E82AE476B80021A9F5 /* Base */,
			);
			name = Main.storyboard;
			sourceTree = "<group>";
		};
		F22990EC2AE476BA0021A9F5 /* LaunchScreen.storyboard */ = {
			isa = PBXVariantGroup;
			children = (
				F22990ED2AE476BA0021A9F5 /* Base */,
			);
			name = LaunchScreen.storyboard;
			sourceTree = "<group>";
		};
/* End PBXVariantGroup section */

/* Begin XCBuildConfiguration section */
		F22990F02AE476BA0021A9F5 /* Debug */ = {
			isa = XCBuildConfiguration;
			buildSettings = {
				ALWAYS_SEARCH_USER_PATHS = NO;
				CLANG_ANALYZER_NONNULL = YES;
				CLANG_ANALYZER_NUMBER_OBJECT_CONVERSION = YES_AGGRESSIVE;
				CLANG_CXX_LANGUAGE_STANDARD = "gnu++20";
				CLANG_ENABLE_MODULES = YES;
				CLANG_ENABLE_OBJC_ARC = YES;
				CLANG_ENABLE_OBJC_WEAK = YES;
				CLANG_WARN_BLOCK_CAPTURE_AUTORELEASING = YES;
				CLANG_WARN_BOOL_CONVERSION = YES;
				CLANG_WARN_COMMA = YES;
				CLANG_WARN_CONSTANT_CONVERSION = YES;
				CLANG_WARN_DEPRECATED_OBJC_IMPLEMENTATIONS = YES;
				CLANG_WARN_DIRECT_OBJC_ISA_USAGE = YES_ERROR;
				CLANG_WARN_DOCUMENTATION_COMMENTS = YES;
				CLANG_WARN_EMPTY_BODY = YES;
				CLANG_WARN_ENUM_CONVERSION = YES;
				CLANG_WARN_INFINITE_RECURSION = YES;
				CLANG_WARN_INT_CONVERSION = YES;
				CLANG_WARN_NON_LITERAL_NULL_CONVERSION = YES;
				CLANG_WARN_OBJC_IMPLICIT_RETAIN_SELF = YES;
				CLANG_WARN_OBJC_LITERAL_CONVERSION = YES;
				CLANG_WARN_OBJC_ROOT_CLASS = YES_ERROR;
				CLANG_WARN_QUOTED_INCLUDE_IN_FRAMEWORK_HEADER = YES;
				CLANG_WARN_RANGE_LOOP_ANALYSIS = YES;
				CLANG_WARN_STRICT_PROTOTYPES = YES;
				CLANG_WARN_SUSPICIOUS_MOVE = YES;
				CLANG_WARN_UNGUARDED_AVAILABILITY = YES_AGGRESSIVE;
				CLANG_WARN_UNREACHABLE_CODE = YES;
				CLANG_WARN__DUPLICATE_METHOD_MATCH = YES;
				COPY_PHASE_STRIP = NO;
				DEBUG_INFORMATION_FORMAT = dwarf;
				ENABLE_STRICT_OBJC_MSGSEND = YES;
				ENABLE_TESTABILITY = YES;
				GCC_C_LANGUAGE_STANDARD = gnu11;
				GCC_DYNAMIC_NO_PIC = NO;
				GCC_NO_COMMON_BLOCKS = YES;
				GCC_OPTIMIZATION_LEVEL = 0;
				GCC_PREPROCESSOR_DEFINITIONS = (
					"DEBUG=1",
					"$(inherited)",
				);
				GCC_WARN_64_TO_32_BIT_CONVERSION = YES;
				GCC_WARN_ABOUT_RETURN_TYPE = YES_ERROR;
				GCC_WARN_UNDECLARED_SELECTOR = YES;
				GCC_WARN_UNINITIALIZED_AUTOS = YES_AGGRESSIVE;
				GCC_WARN_UNUSED_FUNCTION = YES;
				GCC_WARN_UNUSED_VARIABLE = YES;
				IPHONEOS_DEPLOYMENT_TARGET = 16.4;
				MTL_ENABLE_DEBUG_INFO = INCLUDE_SOURCE;
				MTL_FAST_MATH = YES;
				ONLY_ACTIVE_ARCH = YES;
				SDKROOT = iphoneos;
				SWIFT_ACTIVE_COMPILATION_CONDITIONS = DEBUG;
				SWIFT_OPTIMIZATION_LEVEL = "-Onone";
			};
			name = Debug;
		};
		F22990F12AE476BA0021A9F5 /* Release */ = {
			isa = XCBuildConfiguration;
			buildSettings = {
				ALWAYS_SEARCH_USER_PATHS = NO;
				CLANG_ANALYZER_NONNULL = YES;
				CLANG_ANALYZER_NUMBER_OBJECT_CONVERSION = YES_AGGRESSIVE;
				CLANG_CXX_LANGUAGE_STANDARD = "gnu++20";
				CLANG_ENABLE_MODULES = YES;
				CLANG_ENABLE_OBJC_ARC = YES;
				CLANG_ENABLE_OBJC_WEAK = YES;
				CLANG_WARN_BLOCK_CAPTURE_AUTORELEASING = YES;
				CLANG_WARN_BOOL_CONVERSION = YES;
				CLANG_WARN_COMMA = YES;
				CLANG_WARN_CONSTANT_CONVERSION = YES;
				CLANG_WARN_DEPRECATED_OBJC_IMPLEMENTATIONS = YES;
				CLANG_WARN_DIRECT_OBJC_ISA_USAGE = YES_ERROR;
				CLANG_WARN_DOCUMENTATION_COMMENTS = YES;
				CLANG_WARN_EMPTY_BODY = YES;
				CLANG_WARN_ENUM_CONVERSION = YES;
				CLANG_WARN_INFINITE_RECURSION = YES;
				CLANG_WARN_INT_CONVERSION = YES;
				CLANG_WARN_NON_LITERAL_NULL_CONVERSION = YES;
				CLANG_WARN_OBJC_IMPLICIT_RETAIN_SELF = YES;
				CLANG_WARN_OBJC_LITERAL_CONVERSION = YES;
				CLANG_WARN_OBJC_ROOT_CLASS = YES_ERROR;
				CLANG_WARN_QUOTED_INCLUDE_IN_FRAMEWORK_HEADER = YES;
				CLANG_WARN_RANGE_LOOP_ANALYSIS = YES;
				CLANG_WARN_STRICT_PROTOTYPES = YES;
				CLANG_WARN_SUSPICIOUS_MOVE = YES;
				CLANG_WARN_UNGUARDED_AVAILABILITY = YES_AGGRESSIVE;
				CLANG_WARN_UNREACHABLE_CODE = YES;
				CLANG_WARN__DUPLICATE_METHOD_MATCH = YES;
				COPY_PHASE_STRIP = NO;
				DEBUG_INFORMATION_FORMAT = "dwarf-with-dsym";
				ENABLE_NS_ASSERTIONS = NO;
				ENABLE_STRICT_OBJC_MSGSEND = YES;
				GCC_C_LANGUAGE_STANDARD = gnu11;
				GCC_NO_COMMON_BLOCKS = YES;
				GCC_WARN_64_TO_32_BIT_CONVERSION = YES;
				GCC_WARN_ABOUT_RETURN_TYPE = YES_ERROR;
				GCC_WARN_UNDECLARED_SELECTOR = YES;
				GCC_WARN_UNINITIALIZED_AUTOS = YES_AGGRESSIVE;
				GCC_WARN_UNUSED_FUNCTION = YES;
				GCC_WARN_UNUSED_VARIABLE = YES;
				IPHONEOS_DEPLOYMENT_TARGET = 16.4;
				MTL_ENABLE_DEBUG_INFO = NO;
				MTL_FAST_MATH = YES;
				SDKROOT = iphoneos;
				SWIFT_COMPILATION_MODE = wholemodule;
				SWIFT_OPTIMIZATION_LEVEL = "-O";
				VALIDATE_PRODUCT = YES;
			};
			name = Release;
		};
		F22990F32AE476BA0021A9F5 /* Debug */ = {
			isa = XCBuildConfiguration;
			baseConfigurationReference = A650CF7638FCF31F06B643DB /* Pods-StockApp.debug.xcconfig */;
			buildSettings = {
				ASSETCATALOG_COMPILER_APPICON_NAME = AppIcon;
				ASSETCATALOG_COMPILER_GLOBAL_ACCENT_COLOR_NAME = AccentColor;
				CODE_SIGN_STYLE = Automatic;
				CURRENT_PROJECT_VERSION = 1;
				DEVELOPMENT_TEAM = 22Q5BNU9Y5;
				ENABLE_USER_SCRIPT_SANDBOXING = NO;
				GENERATE_INFOPLIST_FILE = YES;
				INFOPLIST_FILE = StockApp/Info.plist;
				INFOPLIST_KEY_UIApplicationSupportsIndirectInputEvents = YES;
				INFOPLIST_KEY_UILaunchStoryboardName = LaunchScreen;
				INFOPLIST_KEY_UIMainStoryboardFile = Main;
				INFOPLIST_KEY_UISupportedInterfaceOrientations_iPad = "UIInterfaceOrientationPortrait UIInterfaceOrientationPortraitUpsideDown UIInterfaceOrientationLandscapeLeft UIInterfaceOrientationLandscapeRight";
				INFOPLIST_KEY_UISupportedInterfaceOrientations_iPhone = "UIInterfaceOrientationPortrait UIInterfaceOrientationLandscapeLeft UIInterfaceOrientationLandscapeRight";
				LD_RUNPATH_SEARCH_PATHS = (
					"$(inherited)",
					"@executable_path/Frameworks",
				);
				MARKETING_VERSION = 1.0;
				PRODUCT_BUNDLE_IDENTIFIER = edu.northeastern.jiang.yuting.StockApp;
				PRODUCT_NAME = "$(TARGET_NAME)";
				SWIFT_EMIT_LOC_STRINGS = YES;
				SWIFT_VERSION = 5.0;
				TARGETED_DEVICE_FAMILY = "1,2";
			};
			name = Debug;
		};
		F22990F42AE476BA0021A9F5 /* Release */ = {
			isa = XCBuildConfiguration;
			baseConfigurationReference = 4B93056A64D4B65EAD2077FB /* Pods-StockApp.release.xcconfig */;
			buildSettings = {
				ASSETCATALOG_COMPILER_APPICON_NAME = AppIcon;
				ASSETCATALOG_COMPILER_GLOBAL_ACCENT_COLOR_NAME = AccentColor;
				CODE_SIGN_STYLE = Automatic;
				CURRENT_PROJECT_VERSION = 1;
				DEVELOPMENT_TEAM = 22Q5BNU9Y5;
				ENABLE_USER_SCRIPT_SANDBOXING = NO;
				GENERATE_INFOPLIST_FILE = YES;
				INFOPLIST_FILE = StockApp/Info.plist;
				INFOPLIST_KEY_UIApplicationSupportsIndirectInputEvents = YES;
				INFOPLIST_KEY_UILaunchStoryboardName = LaunchScreen;
				INFOPLIST_KEY_UIMainStoryboardFile = Main;
				INFOPLIST_KEY_UISupportedInterfaceOrientations_iPad = "UIInterfaceOrientationPortrait UIInterfaceOrientationPortraitUpsideDown UIInterfaceOrientationLandscapeLeft UIInterfaceOrientationLandscapeRight";
				INFOPLIST_KEY_UISupportedInterfaceOrientations_iPhone = "UIInterfaceOrientationPortrait UIInterfaceOrientationLandscapeLeft UIInterfaceOrientationLandscapeRight";
				LD_RUNPATH_SEARCH_PATHS = (
					"$(inherited)",
					"@executable_path/Frameworks",
				);
				MARKETING_VERSION = 1.0;
				PRODUCT_BUNDLE_IDENTIFIER = edu.northeastern.jiang.yuting.StockApp;
				PRODUCT_NAME = "$(TARGET_NAME)";
				SWIFT_EMIT_LOC_STRINGS = YES;
				SWIFT_VERSION = 5.0;
				TARGETED_DEVICE_FAMILY = "1,2";
			};
			name = Release;
		};
/* End XCBuildConfiguration section */

/* Begin XCConfigurationList section */
		F22990D92AE476B80021A9F5 /* Build configuration list for PBXProject "StockApp" */ = {
			isa = XCConfigurationList;
			buildConfigurations = (
				F22990F02AE476BA0021A9F5 /* Debug */,
				F22990F12AE476BA0021A9F5 /* Release */,
			);
			defaultConfigurationIsVisible = 0;
			defaultConfigurationName = Release;
		};
		F22990F22AE476BA0021A9F5 /* Build configuration list for PBXNativeTarget "StockApp" */ = {
			isa = XCConfigurationList;
			buildConfigurations = (
				F22990F32AE476BA0021A9F5 /* Debug */,
				F22990F42AE476BA0021A9F5 /* Release */,
			);
			defaultConfigurationIsVisible = 0;
			defaultConfigurationName = Release;
		};
/* End XCConfigurationList section */
	};
	rootObject = F22990D62AE476B80021A9F5 /* Project object */;
}
